
Microsoft Visual Studio Solution File, Format Version 12.00
# Visual Studio Version 16
VisualStudioVersion = 16.0.30011.22
MinimumVisualStudioVersion = 10.0.40219.1
Project("{2150E333-8FDC-42A3-9474-1A3956D46DE8}") = "SharedComponents", "SharedComponents", "{BDB8E9F2-D177-4763-BE3A-454A23244103}"
EndProject
Project("{9A19103F-16F7-4668-BE54-9A1E7A4F7556}") = "ParkTerritories.RouteListQuery", "ParkTerritories.RouteListQuery\ParkTerritories.RouteListQuery.csproj", "{87080F19-8B54-43CF-A063-7052AE1DE794}"
EndProject
Project("{9A19103F-16F7-4668-BE54-9A1E7A4F7556}") = "ParkTerritories.ApplicationServices.General", "ParkTerritories.ApplicationServices.General\ParkTerritories.ApplicationServices.General.csproj", "{A1D3C116-AE68-4874-B6DA-7492B40CAA5D}"
EndProject
Project("{9A19103F-16F7-4668-BE54-9A1E7A4F7556}") = "ParkTerritories.BusinessLogic", "ParkTerritories.BusinessLogic\ParkTerritories.BusinessLogic.csproj", "{5BB9CB37-C533-4DBB-A788-9D3AC1FB247B}"
EndProject
Global
	GlobalSection(SolutionConfigurationPlatforms) = preSolution
		Debug|Any CPU = Debug|Any CPU
		Release|Any CPU = Release|Any CPU
	EndGlobalSection
	GlobalSection(ProjectConfigurationPlatforms) = postSolution
		{87080F19-8B54-43CF-A063-7052AE1DE794}.Debug|Any CPU.ActiveCfg = Debug|Any CPU
		{87080F19-8B54-43CF-A063-7052AE1DE794}.Debug|Any CPU.Build.0 = Debug|Any CPU
		{87080F19-8B54-43CF-A063-7052AE1DE794}.Release|Any CPU.ActiveCfg = Release|Any CPU
		{87080F19-8B54-43CF-A063-7052AE1DE794}.Release|Any CPU.Build.0 = Release|Any CPU
		{A1D3C116-AE68-4874-B6DA-7492B40CAA5D}.Debug|Any CPU.ActiveCfg = Debug|Any CPU
		{A1D3C116-AE68-4874-B6DA-7492B40CAA5D}.Debug|Any CPU.Build.0 = Debug|Any CPU
		{A1D3C116-AE68-4874-B6DA-7492B40CAA5D}.Release|Any CPU.ActiveCfg = Release|Any CPU
		{A1D3C116-AE68-4874-B6DA-7492B40CAA5D}.Release|Any CPU.Build.0 = Release|Any CPU
		{5BB9CB37-C533-4DBB-A788-9D3AC1FB247B}.Debug|Any CPU.ActiveCfg = Debug|Any CPU
		{5BB9CB37-C533-4DBB-A788-9D3AC1FB247B}.Debug|Any CPU.Build.0 = Debug|Any CPU
		{5BB9CB37-C533-4DBB-A788-9D3AC1FB247B}.Release|Any CPU.ActiveCfg = Release|Any CPU
		{5BB9CB37-C533-4DBB-A788-9D3AC1FB247B}.Release|Any CPU.Build.0 = Release|Any CPU
	EndGlobalSection
	GlobalSection(SolutionProperties) = preSolution
		HideSolutionNode = FALSE
	EndGlobalSection
	GlobalSection(NestedProjects) = preSolution
		{87080F19-8B54-43CF-A063-7052AE1DE794} = {BDB8E9F2-D177-4763-BE3A-454A23244103}
		{5BB9CB37-C533-4DBB-A788-9D3AC1FB247B} = {BDB8E9F2-D177-4763-BE3A-454A23244103}
	EndGlobalSection
	GlobalSection(ExtensibilityGlobals) = postSolution
		SolutionGuid = {41FBA15B-34F1-4D16-91AD-08D03FA6D8AA}
	EndGlobalSection
EndGlobal
